// !$*UTF8*$!
{
	archiveVersion = 1;
	classes = {
	};
	objectVersion = 50;
	objects = {

/* Begin PBXBuildFile section */
		155AA5B9235DFDB10049EEEC /* Character.swift in Sources */ = {isa = PBXBuildFile; fileRef = 155AA5B8235DFDB10049EEEC /* Character.swift */; };
		155AA5BC235DFE500049EEEC /* CharacterViewModel.swift in Sources */ = {isa = PBXBuildFile; fileRef = 155AA5BB235DFE500049EEEC /* CharacterViewModel.swift */; };
		155AA5BF235DFEDC0049EEEC /* Service.swift in Sources */ = {isa = PBXBuildFile; fileRef = 155AA5BE235DFEDC0049EEEC /* Service.swift */; };
		155AA5C1235E2F940049EEEC /* Location.swift in Sources */ = {isa = PBXBuildFile; fileRef = 155AA5C0235E2F940049EEEC /* Location.swift */; };
		155AA5C3235E2FA50049EEEC /* Origin.swift in Sources */ = {isa = PBXBuildFile; fileRef = 155AA5C2235E2FA50049EEEC /* Origin.swift */; };
		155AA5C5235E2FB20049EEEC /* Characters.swift in Sources */ = {isa = PBXBuildFile; fileRef = 155AA5C4235E2FB20049EEEC /* Characters.swift */; };
		155AA5C7235E30BE0049EEEC /* CharactersViewModel.swift in Sources */ = {isa = PBXBuildFile; fileRef = 155AA5C6235E30BE0049EEEC /* CharactersViewModel.swift */; };
		155AA5CA235E72680049EEEC /* CharactersTableViewCell.swift in Sources */ = {isa = PBXBuildFile; fileRef = 155AA5C9235E72680049EEEC /* CharactersTableViewCell.swift */; };
		1572EEE8235DF4530096D4D8 /* AppDelegate.swift in Sources */ = {isa = PBXBuildFile; fileRef = 1572EEE7235DF4530096D4D8 /* AppDelegate.swift */; };
		1572EEEA235DF4530096D4D8 /* SceneDelegate.swift in Sources */ = {isa = PBXBuildFile; fileRef = 1572EEE9235DF4530096D4D8 /* SceneDelegate.swift */; };
		1572EEEC235DF4530096D4D8 /* ViewController.swift in Sources */ = {isa = PBXBuildFile; fileRef = 1572EEEB235DF4530096D4D8 /* ViewController.swift */; };
		1572EEF1235DF4560096D4D8 /* Assets.xcassets in Resources */ = {isa = PBXBuildFile; fileRef = 1572EEF0235DF4560096D4D8 /* Assets.xcassets */; };
		1572EEF4235DF4560096D4D8 /* LaunchScreen.storyboard in Resources */ = {isa = PBXBuildFile; fileRef = 1572EEF2235DF4560096D4D8 /* LaunchScreen.storyboard */; };
		1572EEFC235DF6A80096D4D8 /* ContentView.swift in Sources */ = {isa = PBXBuildFile; fileRef = 1572EEFB235DF6A80096D4D8 /* ContentView.swift */; };
		1572EEFE235DF7600096D4D8 /* ConfigurableView.swift in Sources */ = {isa = PBXBuildFile; fileRef = 1572EEFD235DF7600096D4D8 /* ConfigurableView.swift */; };
		1572EF01235DFA8A0096D4D8 /* CharactersTableView.swift in Sources */ = {isa = PBXBuildFile; fileRef = 1572EF00235DFA8A0096D4D8 /* CharactersTableView.swift */; };
/* End PBXBuildFile section */

/* Begin PBXFileReference section */
		155AA5B8235DFDB10049EEEC /* Character.swift */ = {isa = PBXFileReference; lastKnownFileType = sourcecode.swift; path = Character.swift; sourceTree = "<group>"; };
		155AA5BB235DFE500049EEEC /* CharacterViewModel.swift */ = {isa = PBXFileReference; lastKnownFileType = sourcecode.swift; path = CharacterViewModel.swift; sourceTree = "<group>"; };
		155AA5BE235DFEDC0049EEEC /* Service.swift */ = {isa = PBXFileReference; lastKnownFileType = sourcecode.swift; path = Service.swift; sourceTree = "<group>"; };
		155AA5C0235E2F940049EEEC /* Location.swift */ = {isa = PBXFileReference; lastKnownFileType = sourcecode.swift; path = Location.swift; sourceTree = "<group>"; };
		155AA5C2235E2FA50049EEEC /* Origin.swift */ = {isa = PBXFileReference; lastKnownFileType = sourcecode.swift; path = Origin.swift; sourceTree = "<group>"; };
		155AA5C4235E2FB20049EEEC /* Characters.swift */ = {isa = PBXFileReference; lastKnownFileType = sourcecode.swift; path = Characters.swift; sourceTree = "<group>"; };
		155AA5C6235E30BE0049EEEC /* CharactersViewModel.swift */ = {isa = PBXFileReference; lastKnownFileType = sourcecode.swift; path = CharactersViewModel.swift; sourceTree = "<group>"; };
		155AA5C9235E72680049EEEC /* CharactersTableViewCell.swift */ = {isa = PBXFileReference; lastKnownFileType = sourcecode.swift; path = CharactersTableViewCell.swift; sourceTree = "<group>"; };
		1572EEE4235DF4530096D4D8 /* R&M.app */ = {isa = PBXFileReference; explicitFileType = wrapper.application; includeInIndex = 0; path = "R&M.app"; sourceTree = BUILT_PRODUCTS_DIR; };
		1572EEE7235DF4530096D4D8 /* AppDelegate.swift */ = {isa = PBXFileReference; lastKnownFileType = sourcecode.swift; path = AppDelegate.swift; sourceTree = "<group>"; };
		1572EEE9235DF4530096D4D8 /* SceneDelegate.swift */ = {isa = PBXFileReference; lastKnownFileType = sourcecode.swift; path = SceneDelegate.swift; sourceTree = "<group>"; };
		1572EEEB235DF4530096D4D8 /* ViewController.swift */ = {isa = PBXFileReference; lastKnownFileType = sourcecode.swift; path = ViewController.swift; sourceTree = "<group>"; };
		1572EEF0235DF4560096D4D8 /* Assets.xcassets */ = {isa = PBXFileReference; lastKnownFileType = folder.assetcatalog; path = Assets.xcassets; sourceTree = "<group>"; };
		1572EEF3235DF4560096D4D8 /* Base */ = {isa = PBXFileReference; lastKnownFileType = file.storyboard; name = Base; path = Base.lproj/LaunchScreen.storyboard; sourceTree = "<group>"; };
		1572EEF5235DF4560096D4D8 /* Info.plist */ = {isa = PBXFileReference; lastKnownFileType = text.plist.xml; path = Info.plist; sourceTree = "<group>"; };
		1572EEFB235DF6A80096D4D8 /* ContentView.swift */ = {isa = PBXFileReference; lastKnownFileType = sourcecode.swift; path = ContentView.swift; sourceTree = "<group>"; };
		1572EEFD235DF7600096D4D8 /* ConfigurableView.swift */ = {isa = PBXFileReference; lastKnownFileType = sourcecode.swift; path = ConfigurableView.swift; sourceTree = "<group>"; };
		1572EF00235DFA8A0096D4D8 /* CharactersTableView.swift */ = {isa = PBXFileReference; lastKnownFileType = sourcecode.swift; path = CharactersTableView.swift; sourceTree = "<group>"; };
/* End PBXFileReference section */

/* Begin PBXFrameworksBuildPhase section */
		1572EEE1235DF4530096D4D8 /* Frameworks */ = {
			isa = PBXFrameworksBuildPhase;
			buildActionMask = 2147483647;
			files = (
			);
			runOnlyForDeploymentPostprocessing = 0;
		};
/* End PBXFrameworksBuildPhase section */

/* Begin PBXGroup section */
		155AA5B7235DFDA40049EEEC /* Models */ = {
			isa = PBXGroup;
			children = (
				155AA5B8235DFDB10049EEEC /* Character.swift */,
				155AA5C0235E2F940049EEEC /* Location.swift */,
				155AA5C2235E2FA50049EEEC /* Origin.swift */,
				155AA5C4235E2FB20049EEEC /* Characters.swift */,
			);
			path = Models;
			sourceTree = "<group>";
		};
		155AA5BA235DFE400049EEEC /* ViewModels */ = {
			isa = PBXGroup;
			children = (
				155AA5BB235DFE500049EEEC /* CharacterViewModel.swift */,
				155AA5C6235E30BE0049EEEC /* CharactersViewModel.swift */,
			);
			path = ViewModels;
			sourceTree = "<group>";
		};
		155AA5BD235DFEC30049EEEC /* Network */ = {
			isa = PBXGroup;
			children = (
				155AA5BE235DFEDC0049EEEC /* Service.swift */,
			);
			path = Network;
			sourceTree = "<group>";
		};
		155AA5C8235E4CFD0049EEEC /* Protocols */ = {
			isa = PBXGroup;
			children = (
				1572EEFD235DF7600096D4D8 /* ConfigurableView.swift */,
			);
			path = Protocols;
			sourceTree = "<group>";
		};
		1572EEDB235DF4530096D4D8 = {
			isa = PBXGroup;
			children = (
				1572EEE6235DF4530096D4D8 /* R&M */,
				1572EEE5235DF4530096D4D8 /* Products */,
			);
			sourceTree = "<group>";
		};
		1572EEE5235DF4530096D4D8 /* Products */ = {
			isa = PBXGroup;
			children = (
				1572EEE4235DF4530096D4D8 /* R&M.app */,
			);
			name = Products;
			sourceTree = "<group>";
		};
		1572EEE6235DF4530096D4D8 /* R&M */ = {
			isa = PBXGroup;
			children = (
				155AA5C8235E4CFD0049EEEC /* Protocols */,
				155AA5BD235DFEC30049EEEC /* Network */,
				155AA5BA235DFE400049EEEC /* ViewModels */,
				155AA5B7235DFDA40049EEEC /* Models */,
				1572EEFF235DFA690096D4D8 /* Views */,
				1572EEE7235DF4530096D4D8 /* AppDelegate.swift */,
				1572EEE9235DF4530096D4D8 /* SceneDelegate.swift */,
				1572EEF0235DF4560096D4D8 /* Assets.xcassets */,
				1572EEF2235DF4560096D4D8 /* LaunchScreen.storyboard */,
				1572EEF5235DF4560096D4D8 /* Info.plist */,
			);
			path = "R&M";
			sourceTree = "<group>";
		};
		1572EEFF235DFA690096D4D8 /* Views */ = {
			isa = PBXGroup;
			children = (
				1572EEFB235DF6A80096D4D8 /* ContentView.swift */,
				1572EEEB235DF4530096D4D8 /* ViewController.swift */,
				1572EF00235DFA8A0096D4D8 /* CharactersTableView.swift */,
				155AA5C9235E72680049EEEC /* CharactersTableViewCell.swift */,
			);
			path = Views;
			sourceTree = "<group>";
		};
/* End PBXGroup section */

/* Begin PBXNativeTarget section */
		1572EEE3235DF4530096D4D8 /* R&M */ = {
			isa = PBXNativeTarget;
			buildConfigurationList = 1572EEF8235DF4560096D4D8 /* Build configuration list for PBXNativeTarget "R&M" */;
			buildPhases = (
				1572EEE0235DF4530096D4D8 /* Sources */,
				1572EEE1235DF4530096D4D8 /* Frameworks */,
				1572EEE2235DF4530096D4D8 /* Resources */,
			);
			buildRules = (
			);
			dependencies = (
			);
			name = "R&M";
			productName = "R&M";
			productReference = 1572EEE4235DF4530096D4D8 /* R&M.app */;
			productType = "com.apple.product-type.application";
		};
/* End PBXNativeTarget section */

/* Begin PBXProject section */
		1572EEDC235DF4530096D4D8 /* Project object */ = {
			isa = PBXProject;
			attributes = {
				LastSwiftUpdateCheck = 1100;
				LastUpgradeCheck = 1100;
				ORGANIZATIONNAME = "Lucas Tavares";
				TargetAttributes = {
					1572EEE3235DF4530096D4D8 = {
						CreatedOnToolsVersion = 11.0;
					};
				};
			};
			buildConfigurationList = 1572EEDF235DF4530096D4D8 /* Build configuration list for PBXProject "R&M" */;
			compatibilityVersion = "Xcode 9.3";
			developmentRegion = en;
			hasScannedForEncodings = 0;
			knownRegions = (
				en,
				Base,
			);
			mainGroup = 1572EEDB235DF4530096D4D8;
			productRefGroup = 1572EEE5235DF4530096D4D8 /* Products */;
			projectDirPath = "";
			projectRoot = "";
			targets = (
				1572EEE3235DF4530096D4D8 /* R&M */,
			);
		};
/* End PBXProject section */

/* Begin PBXResourcesBuildPhase section */
		1572EEE2235DF4530096D4D8 /* Resources */ = {
			isa = PBXResourcesBuildPhase;
			buildActionMask = 2147483647;
			files = (
				1572EEF4235DF4560096D4D8 /* LaunchScreen.storyboard in Resources */,
				1572EEF1235DF4560096D4D8 /* Assets.xcassets in Resources */,
			);
			runOnlyForDeploymentPostprocessing = 0;
		};
/* End PBXResourcesBuildPhase section */

/* Begin PBXSourcesBuildPhase section */
		1572EEE0235DF4530096D4D8 /* Sources */ = {
			isa = PBXSourcesBuildPhase;
			buildActionMask = 2147483647;
			files = (
				1572EEFE235DF7600096D4D8 /* ConfigurableView.swift in Sources */,
				1572EF01235DFA8A0096D4D8 /* CharactersTableView.swift in Sources */,
				155AA5C1235E2F940049EEEC /* Location.swift in Sources */,
				155AA5B9235DFDB10049EEEC /* Character.swift in Sources */,
				1572EEEC235DF4530096D4D8 /* ViewController.swift in Sources */,
				155AA5CA235E72680049EEEC /* CharactersTableViewCell.swift in Sources */,
				155AA5C7235E30BE0049EEEC /* CharactersViewModel.swift in Sources */,
				155AA5C3235E2FA50049EEEC /* Origin.swift in Sources */,
				155AA5BC235DFE500049EEEC /* CharacterViewModel.swift in Sources */,
				155AA5C5235E2FB20049EEEC /* Characters.swift in Sources */,
				155AA5BF235DFEDC0049EEEC /* Service.swift in Sources */,
				1572EEE8235DF4530096D4D8 /* AppDelegate.swift in Sources */,
				1572EEFC235DF6A80096D4D8 /* ContentView.swift in Sources */,
				1572EEEA235DF4530096D4D8 /* SceneDelegate.swift in Sources */,
			);
			runOnlyForDeploymentPostprocessing = 0;
		};
/* End PBXSourcesBuildPhase section */

/* Begin PBXVariantGroup section */
		1572EEF2235DF4560096D4D8 /* LaunchScreen.storyboard */ = {
			isa = PBXVariantGroup;
			children = (
				1572EEF3235DF4560096D4D8 /* Base */,
			);
			name = LaunchScreen.storyboard;
			sourceTree = "<group>";
		};
/* End PBXVariantGroup section */

/* Begin XCBuildConfiguration section */
		1572EEF6235DF4560096D4D8 /* Debug */ = {
			isa = XCBuildConfiguration;
			buildSettings = {
				ALWAYS_SEARCH_USER_PATHS = NO;
				CLANG_ANALYZER_NONNULL = YES;
				CLANG_ANALYZER_NUMBER_OBJECT_CONVERSION = YES_AGGRESSIVE;
				CLANG_CXX_LANGUAGE_STANDARD = "gnu++14";
				CLANG_CXX_LIBRARY = "libc++";
				CLANG_ENABLE_MODULES = YES;
				CLANG_ENABLE_OBJC_ARC = YES;
				CLANG_ENABLE_OBJC_WEAK = YES;
				CLANG_WARN_BLOCK_CAPTURE_AUTORELEASING = YES;
				CLANG_WARN_BOOL_CONVERSION = YES;
				CLANG_WARN_COMMA = YES;
				CLANG_WARN_CONSTANT_CONVERSION = YES;
				CLANG_WARN_DEPRECATED_OBJC_IMPLEMENTATIONS = YES;
				CLANG_WARN_DIRECT_OBJC_ISA_USAGE = YES_ERROR;
				CLANG_WARN_DOCUMENTATION_COMMENTS = YES;
				CLANG_WARN_EMPTY_BODY = YES;
				CLANG_WARN_ENUM_CONVERSION = YES;
				CLANG_WARN_INFINITE_RECURSION = YES;
				CLANG_WARN_INT_CONVERSION = YES;
				CLANG_WARN_NON_LITERAL_NULL_CONVERSION = YES;
				CLANG_WARN_OBJC_IMPLICIT_RETAIN_SELF = YES;
				CLANG_WARN_OBJC_LITERAL_CONVERSION = YES;
				CLANG_WARN_OBJC_ROOT_CLASS = YES_ERROR;
				CLANG_WARN_RANGE_LOOP_ANALYSIS = YES;
				CLANG_WARN_STRICT_PROTOTYPES = YES;
				CLANG_WARN_SUSPICIOUS_MOVE = YES;
				CLANG_WARN_UNGUARDED_AVAILABILITY = YES_AGGRESSIVE;
				CLANG_WARN_UNREACHABLE_CODE = YES;
				CLANG_WARN__DUPLICATE_METHOD_MATCH = YES;
				COPY_PHASE_STRIP = NO;
				DEBUG_INFORMATION_FORMAT = dwarf;
				ENABLE_STRICT_OBJC_MSGSEND = YES;
				ENABLE_TESTABILITY = YES;
				GCC_C_LANGUAGE_STANDARD = gnu11;
				GCC_DYNAMIC_NO_PIC = NO;
				GCC_NO_COMMON_BLOCKS = YES;
				GCC_OPTIMIZATION_LEVEL = 0;
				GCC_PREPROCESSOR_DEFINITIONS = (
					"DEBUG=1",
					"$(inherited)",
				);
				GCC_WARN_64_TO_32_BIT_CONVERSION = YES;
				GCC_WARN_ABOUT_RETURN_TYPE = YES_ERROR;
				GCC_WARN_UNDECLARED_SELECTOR = YES;
				GCC_WARN_UNINITIALIZED_AUTOS = YES_AGGRESSIVE;
				GCC_WARN_UNUSED_FUNCTION = YES;
				GCC_WARN_UNUSED_VARIABLE = YES;
				IPHONEOS_DEPLOYMENT_TARGET = 13.0;
				MTL_ENABLE_DEBUG_INFO = INCLUDE_SOURCE;
				MTL_FAST_MATH = YES;
				ONLY_ACTIVE_ARCH = YES;
				SDKROOT = iphoneos;
				SWIFT_ACTIVE_COMPILATION_CONDITIONS = DEBUG;
				SWIFT_OPTIMIZATION_LEVEL = "-Onone";
			};
			name = Debug;
		};
		1572EEF7235DF4560096D4D8 /* Release */ = {
			isa = XCBuildConfiguration;
			buildSettings = {
				ALWAYS_SEARCH_USER_PATHS = NO;
				CLANG_ANALYZER_NONNULL = YES;
				CLANG_ANALYZER_NUMBER_OBJECT_CONVERSION = YES_AGGRESSIVE;
				CLANG_CXX_LANGUAGE_STANDARD = "gnu++14";
				CLANG_CXX_LIBRARY = "libc++";
				CLANG_ENABLE_MODULES = YES;
				CLANG_ENABLE_OBJC_ARC = YES;
				CLANG_ENABLE_OBJC_WEAK = YES;
				CLANG_WARN_BLOCK_CAPTURE_AUTORELEASING = YES;
				CLANG_WARN_BOOL_CONVERSION = YES;
				CLANG_WARN_COMMA = YES;
				CLANG_WARN_CONSTANT_CONVERSION = YES;
				CLANG_WARN_DEPRECATED_OBJC_IMPLEMENTATIONS = YES;
				CLANG_WARN_DIRECT_OBJC_ISA_USAGE = YES_ERROR;
				CLANG_WARN_DOCUMENTATION_COMMENTS = YES;
				CLANG_WARN_EMPTY_BODY = YES;
				CLANG_WARN_ENUM_CONVERSION = YES;
				CLANG_WARN_INFINITE_RECURSION = YES;
				CLANG_WARN_INT_CONVERSION = YES;
				CLANG_WARN_NON_LITERAL_NULL_CONVERSION = YES;
				CLANG_WARN_OBJC_IMPLICIT_RETAIN_SELF = YES;
				CLANG_WARN_OBJC_LITERAL_CONVERSION = YES;
				CLANG_WARN_OBJC_ROOT_CLASS = YES_ERROR;
				CLANG_WARN_RANGE_LOOP_ANALYSIS = YES;
				CLANG_WARN_STRICT_PROTOTYPES = YES;
				CLANG_WARN_SUSPICIOUS_MOVE = YES;
				CLANG_WARN_UNGUARDED_AVAILABILITY = YES_AGGRESSIVE;
				CLANG_WARN_UNREACHABLE_CODE = YES;
				CLANG_WARN__DUPLICATE_METHOD_MATCH = YES;
				COPY_PHASE_STRIP = NO;
				DEBUG_INFORMATION_FORMAT = "dwarf-with-dsym";
				ENABLE_NS_ASSERTIONS = NO;
				ENABLE_STRICT_OBJC_MSGSEND = YES;
				GCC_C_LANGUAGE_STANDARD = gnu11;
				GCC_NO_COMMON_BLOCKS = YES;
				GCC_WARN_64_TO_32_BIT_CONVERSION = YES;
				GCC_WARN_ABOUT_RETURN_TYPE = YES_ERROR;
				GCC_WARN_UNDECLARED_SELECTOR = YES;
				GCC_WARN_UNINITIALIZED_AUTOS = YES_AGGRESSIVE;
				GCC_WARN_UNUSED_FUNCTION = YES;
				GCC_WARN_UNUSED_VARIABLE = YES;
				IPHONEOS_DEPLOYMENT_TARGET = 13.0;
				MTL_ENABLE_DEBUG_INFO = NO;
				MTL_FAST_MATH = YES;
				SDKROOT = iphoneos;
				SWIFT_COMPILATION_MODE = wholemodule;
				SWIFT_OPTIMIZATION_LEVEL = "-O";
				VALIDATE_PRODUCT = YES;
			};
			name = Release;
		};
		1572EEF9235DF4560096D4D8 /* Debug */ = {
			isa = XCBuildConfiguration;
			buildSettings = {
				ASSETCATALOG_COMPILER_APPICON_NAME = AppIcon;
				CODE_SIGN_STYLE = Automatic;
				DEVELOPMENT_TEAM = 37CT2CQ23H;
				INFOPLIST_FILE = "R&M/Info.plist";
				LD_RUNPATH_SEARCH_PATHS = (
					"$(inherited)",
					"@executable_path/Frameworks",
				);
				PRODUCT_BUNDLE_IDENTIFIER = "com.tavares1.R-M";
				PRODUCT_NAME = "$(TARGET_NAME)";
				SWIFT_VERSION = 5.0;
				TARGETED_DEVICE_FAMILY = "1,2";
			};
			name = Debug;
		};
		1572EEFA235DF4560096D4D8 /* Release */ = {
			isa = XCBuildConfiguration;
			buildSettings = {
				ASSETCATALOG_COMPILER_APPICON_NAME = AppIcon;
				CODE_SIGN_STYLE = Automatic;
				DEVELOPMENT_TEAM = 37CT2CQ23H;
				INFOPLIST_FILE = "R&M/Info.plist";
				LD_RUNPATH_SEARCH_PATHS = (
					"$(inherited)",
					"@executable_path/Frameworks",
				);
				PRODUCT_BUNDLE_IDENTIFIER = "com.tavares1.R-M";
				PRODUCT_NAME = "$(TARGET_NAME)";
				SWIFT_VERSION = 5.0;
				TARGETED_DEVICE_FAMILY = "1,2";
			};
			name = Release;
		};
/* End XCBuildConfiguration section */

/* Begin XCConfigurationList section */
		1572EEDF235DF4530096D4D8 /* Build configuration list for PBXProject "R&M" */ = {
			isa = XCConfigurationList;
			buildConfigurations = (
				1572EEF6235DF4560096D4D8 /* Debug */,
				1572EEF7235DF4560096D4D8 /* Release */,
			);
			defaultConfigurationIsVisible = 0;
			defaultConfigurationName = Release;
		};
		1572EEF8235DF4560096D4D8 /* Build configuration list for PBXNativeTarget "R&M" */ = {
			isa = XCConfigurationList;
			buildConfigurations = (
				1572EEF9235DF4560096D4D8 /* Debug */,
				1572EEFA235DF4560096D4D8 /* Release */,
			);
			defaultConfigurationIsVisible = 0;
			defaultConfigurationName = Release;
		};
/* End XCConfigurationList section */
	};
	rootObject = 1572EEDC235DF4530096D4D8 /* Project object */;
}
